
Microsoft Visual Studio Solution File, Format Version 12.00
# Visual Studio Version 16
VisualStudioVersion = 16.0.32002.261
MinimumVisualStudioVersion = 10.0.40219.1
Project("{9A19103F-16F7-4668-BE54-9A1E7A4F7556}") = "AgenciaViagemTrabalho", "AgenciaViagemTrabalho\AgenciaViagemTrabalho.csproj", "{02D3933D-0658-4517-88E1-452AFCD4A500}"
EndProject
Global
	GlobalSection(SolutionConfigurationPlatforms) = preSolution
		Debug|Any CPU = Debug|Any CPU
		Release|Any CPU = Release|Any CPU
	EndGlobalSection
	GlobalSection(ProjectConfigurationPlatforms) = postSolution
		{02D3933D-0658-4517-88E1-452AFCD4A500}.Debug|Any CPU.ActiveCfg = Debug|Any CPU
		{02D3933D-0658-4517-88E1-452AFCD4A500}.Debug|Any CPU.Build.0 = Debug|Any CPU
		{02D3933D-0658-4517-88E1-452AFCD4A500}.Release|Any CPU.ActiveCfg = Release|Any CPU
		{02D3933D-0658-4517-88E1-452AFCD4A500}.Release|Any CPU.Build.0 = Release|Any CPU
	EndGlobalSection
	GlobalSection(SolutionProperties) = preSolution
		HideSolutionNode = FALSE
	EndGlobalSection
	GlobalSection(ExtensibilityGlobals) = postSolution
		SolutionGuid = {8FC31827-831A-4D6D-BFB7-3ED8F3AD9458}
	EndGlobalSection
EndGlobal
